
Microsoft Visual Studio Solution File, Format Version 12.00
# Visual Studio Version 16
VisualStudioVersion = 16.0.29905.134
MinimumVisualStudioVersion = 10.0.40219.1
Project("{FAE04EC0-301F-11D3-BF4B-00C04F79EFBC}") = "Level3", "Level3\Level3.csproj", "{C251F3FA-8499-4296-A08E-387D3CA04F91}"
EndProject
Global
	GlobalSection(SolutionConfigurationPlatforms) = preSolution
		Debug|Any CPU = Debug|Any CPU
		Release|Any CPU = Release|Any CPU
	EndGlobalSection
	GlobalSection(ProjectConfigurationPlatforms) = postSolution
		{C251F3FA-8499-4296-A08E-387D3CA04F91}.Debug|Any CPU.ActiveCfg = Debug|Any CPU
		{C251F3FA-8499-4296-A08E-387D3CA04F91}.Debug|Any CPU.Build.0 = Debug|Any CPU
		{C251F3FA-8499-4296-A08E-387D3CA04F91}.Release|Any CPU.ActiveCfg = Release|Any CPU
		{C251F3FA-8499-4296-A08E-387D3CA04F91}.Release|Any CPU.Build.0 = Release|Any CPU
	EndGlobalSection
	GlobalSection(SolutionProperties) = preSolution
		HideSolutionNode = FALSE
	EndGlobalSection
	GlobalSection(ExtensibilityGlobals) = postSolution
		SolutionGuid = {EF990226-6065-4C05-BEB1-47B2B1E9E509}
	EndGlobalSection
EndGlobal
